
Microsoft Visual Studio Solution File, Format Version 12.00
# Visual Studio Version 17
VisualStudioVersion = 17.4.33213.308
MinimumVisualStudioVersion = 10.0.40219.1
Project("{9A19103F-16F7-4668-BE54-9A1E7A4F7556}") = "FirstProgram", "FirstProgram\FirstProgram.csproj", "{BAA73617-6402-4896-A155-8EF641B5C045}"
EndProject
Project("{FAE04EC0-301F-11D3-BF4B-00C04F79EFBC}") = "SecondProgram", "SecondProgram\SecondProgram.csproj", "{ACE6BBBC-DF4D-4EF0-84DD-04F2FBFC1426}"
EndProject
Global
	GlobalSection(SolutionConfigurationPlatforms) = preSolution
		Debug|Any CPU = Debug|Any CPU
		Release|Any CPU = Release|Any CPU
	EndGlobalSection
	GlobalSection(ProjectConfigurationPlatforms) = postSolution
		{BAA73617-6402-4896-A155-8EF641B5C045}.Debug|Any CPU.ActiveCfg = Debug|Any CPU
		{BAA73617-6402-4896-A155-8EF641B5C045}.Debug|Any CPU.Build.0 = Debug|Any CPU
		{BAA73617-6402-4896-A155-8EF641B5C045}.Release|Any CPU.ActiveCfg = Release|Any CPU
		{BAA73617-6402-4896-A155-8EF641B5C045}.Release|Any CPU.Build.0 = Release|Any CPU
		{ACE6BBBC-DF4D-4EF0-84DD-04F2FBFC1426}.Debug|Any CPU.ActiveCfg = Debug|Any CPU
		{ACE6BBBC-DF4D-4EF0-84DD-04F2FBFC1426}.Debug|Any CPU.Build.0 = Debug|Any CPU
		{ACE6BBBC-DF4D-4EF0-84DD-04F2FBFC1426}.Release|Any CPU.ActiveCfg = Release|Any CPU
		{ACE6BBBC-DF4D-4EF0-84DD-04F2FBFC1426}.Release|Any CPU.Build.0 = Release|Any CPU
	EndGlobalSection
	GlobalSection(SolutionProperties) = preSolution
		HideSolutionNode = FALSE
	EndGlobalSection
	GlobalSection(ExtensibilityGlobals) = postSolution
		SolutionGuid = {F4EF7461-2C8C-4FEE-8A01-DFF51292DDCB}
	EndGlobalSection
EndGlobal
