
Microsoft Visual Studio Solution File, Format Version 12.00
# Visual Studio Version 17
VisualStudioVersion = 17.4.33213.308
MinimumVisualStudioVersion = 10.0.40219.1
Project("{FAE04EC0-301F-11D3-BF4B-00C04F79EFBC}") = "Exercise", "Exercise\Exercise.csproj", "{AAA24CB3-6739-448A-A0C5-18622E959015}"
EndProject
Global
	GlobalSection(SolutionConfigurationPlatforms) = preSolution
		Debug|Any CPU = Debug|Any CPU
		Release|Any CPU = Release|Any CPU
	EndGlobalSection
	GlobalSection(ProjectConfigurationPlatforms) = postSolution
		{AAA24CB3-6739-448A-A0C5-18622E959015}.Debug|Any CPU.ActiveCfg = Debug|Any CPU
		{AAA24CB3-6739-448A-A0C5-18622E959015}.Debug|Any CPU.Build.0 = Debug|Any CPU
		{AAA24CB3-6739-448A-A0C5-18622E959015}.Release|Any CPU.ActiveCfg = Release|Any CPU
		{AAA24CB3-6739-448A-A0C5-18622E959015}.Release|Any CPU.Build.0 = Release|Any CPU
	EndGlobalSection
	GlobalSection(SolutionProperties) = preSolution
		HideSolutionNode = FALSE
	EndGlobalSection
	GlobalSection(ExtensibilityGlobals) = postSolution
		SolutionGuid = {0A194C08-29AC-4CD7-B281-6B5B9DACFB60}
	EndGlobalSection
EndGlobal
